// !$*UTF8*$!
{
	archiveVersion = 1;
	classes = {
	};
	objectVersion = 46;
	objects = {

/* Begin PBXBuildFile section */
		C7A1E1F31BA910AE007EC152 /* main.m in Sources */ = {isa = PBXBuildFile; fileRef = C7A1E1F21BA910AE007EC152 /* main.m */; };
		C7A1E1F61BA910AE007EC152 /* AppDelegate.m in Sources */ = {isa = PBXBuildFile; fileRef = C7A1E1F51BA910AE007EC152 /* AppDelegate.m */; };
		C7A1E1F91BA910AE007EC152 /* InterdimensionalAdventure.xcdatamodeld in Sources */ = {isa = PBXBuildFile; fileRef = C7A1E1F71BA910AE007EC152 /* InterdimensionalAdventure.xcdatamodeld */; };
		C7A1E1FF1BA910AE007EC152 /* Main.storyboard in Resources */ = {isa = PBXBuildFile; fileRef = C7A1E1FD1BA910AE007EC152 /* Main.storyboard */; };
		C7A1E2011BA910AE007EC152 /* Images.xcassets in Resources */ = {isa = PBXBuildFile; fileRef = C7A1E2001BA910AE007EC152 /* Images.xcassets */; };
		C7A1E2041BA910AE007EC152 /* LaunchScreen.xib in Resources */ = {isa = PBXBuildFile; fileRef = C7A1E2021BA910AE007EC152 /* LaunchScreen.xib */; };
		C7A1E2101BA910AE007EC152 /* InterdimensionalAdventureTests.m in Sources */ = {isa = PBXBuildFile; fileRef = C7A1E20F1BA910AE007EC152 /* InterdimensionalAdventureTests.m */; };
		C7A1E21F1BA91E3E007EC152 /* IAHomeViewController.m in Sources */ = {isa = PBXBuildFile; fileRef = C7A1E21E1BA91E3E007EC152 /* IAHomeViewController.m */; };
		C7A1E2241BA9201E007EC152 /* IAHelpViewController.m in Sources */ = {isa = PBXBuildFile; fileRef = C7A1E2231BA9201E007EC152 /* IAHelpViewController.m */; };
		C7A1E2281BA9206C007EC152 /* IAHelpStoryboard.storyboard in Resources */ = {isa = PBXBuildFile; fileRef = C7A1E2271BA9206C007EC152 /* IAHelpStoryboard.storyboard */; };
		C7A1E22B1BA94308007EC152 /* IATownStoryboard.storyboard in Resources */ = {isa = PBXBuildFile; fileRef = C7A1E22A1BA94308007EC152 /* IATownStoryboard.storyboard */; };
		C7A1E22E1BA943C9007EC152 /* IATownViewController.m in Sources */ = {isa = PBXBuildFile; fileRef = C7A1E22D1BA943C9007EC152 /* IATownViewController.m */; };
		C7A1E2321BA94C4D007EC152 /* IAtopView.xib in Resources */ = {isa = PBXBuildFile; fileRef = C7A1E2311BA94C4D007EC152 /* IAtopView.xib */; };
		C7A1E2371BA94DF8007EC152 /* IAbottomView.xib in Resources */ = {isa = PBXBuildFile; fileRef = C7A1E2361BA94DF8007EC152 /* IAbottomView.xib */; };
		C7A1E2401BA95099007EC152 /* IAtopView.m in Sources */ = {isa = PBXBuildFile; fileRef = C7A1E23F1BA95099007EC152 /* IAtopView.m */; };
		C7A1E2431BA950AB007EC152 /* IAbottomView.m in Sources */ = {isa = PBXBuildFile; fileRef = C7A1E2421BA950AB007EC152 /* IAbottomView.m */; };
		C7A1E2471BA95B13007EC152 /* UIView+Extension.m in Sources */ = {isa = PBXBuildFile; fileRef = C7A1E2461BA95B13007EC152 /* UIView+Extension.m */; };
/* End PBXBuildFile section */

/* Begin PBXContainerItemProxy section */
		C7A1E20A1BA910AE007EC152 /* PBXContainerItemProxy */ = {
			isa = PBXContainerItemProxy;
			containerPortal = C7A1E1E51BA910AE007EC152 /* Project object */;
			proxyType = 1;
			remoteGlobalIDString = C7A1E1EC1BA910AE007EC152;
			remoteInfo = InterdimensionalAdventure;
		};
/* End PBXContainerItemProxy section */

/* Begin PBXFileReference section */
		C7A1E1ED1BA910AE007EC152 /* InterdimensionalAdventure.app */ = {isa = PBXFileReference; explicitFileType = wrapper.application; includeInIndex = 0; path = InterdimensionalAdventure.app; sourceTree = BUILT_PRODUCTS_DIR; };
		C7A1E1F11BA910AE007EC152 /* Info.plist */ = {isa = PBXFileReference; lastKnownFileType = text.plist.xml; path = Info.plist; sourceTree = "<group>"; };
		C7A1E1F21BA910AE007EC152 /* main.m */ = {isa = PBXFileReference; lastKnownFileType = sourcecode.c.objc; path = main.m; sourceTree = "<group>"; };
		C7A1E1F41BA910AE007EC152 /* AppDelegate.h */ = {isa = PBXFileReference; lastKnownFileType = sourcecode.c.h; path = AppDelegate.h; sourceTree = "<group>"; };
		C7A1E1F51BA910AE007EC152 /* AppDelegate.m */ = {isa = PBXFileReference; lastKnownFileType = sourcecode.c.objc; path = AppDelegate.m; sourceTree = "<group>"; };
		C7A1E1F81BA910AE007EC152 /* InterdimensionalAdventure.xcdatamodel */ = {isa = PBXFileReference; lastKnownFileType = wrapper.xcdatamodel; path = InterdimensionalAdventure.xcdatamodel; sourceTree = "<group>"; };
		C7A1E1FE1BA910AE007EC152 /* Base */ = {isa = PBXFileReference; lastKnownFileType = file.storyboard; name = Base; path = Base.lproj/Main.storyboard; sourceTree = "<group>"; };
		C7A1E2001BA910AE007EC152 /* Images.xcassets */ = {isa = PBXFileReference; lastKnownFileType = folder.assetcatalog; path = Images.xcassets; sourceTree = "<group>"; };
		C7A1E2031BA910AE007EC152 /* Base */ = {isa = PBXFileReference; lastKnownFileType = file.xib; name = Base; path = Base.lproj/LaunchScreen.xib; sourceTree = "<group>"; };
		C7A1E2091BA910AE007EC152 /* InterdimensionalAdventureTests.xctest */ = {isa = PBXFileReference; explicitFileType = wrapper.cfbundle; includeInIndex = 0; path = InterdimensionalAdventureTests.xctest; sourceTree = BUILT_PRODUCTS_DIR; };
		C7A1E20E1BA910AE007EC152 /* Info.plist */ = {isa = PBXFileReference; lastKnownFileType = text.plist.xml; path = Info.plist; sourceTree = "<group>"; };
		C7A1E20F1BA910AE007EC152 /* InterdimensionalAdventureTests.m */ = {isa = PBXFileReference; lastKnownFileType = sourcecode.c.objc; path = InterdimensionalAdventureTests.m; sourceTree = "<group>"; };
		C7A1E21D1BA91E3E007EC152 /* IAHomeViewController.h */ = {isa = PBXFileReference; fileEncoding = 4; lastKnownFileType = sourcecode.c.h; path = IAHomeViewController.h; sourceTree = "<group>"; };
		C7A1E21E1BA91E3E007EC152 /* IAHomeViewController.m */ = {isa = PBXFileReference; fileEncoding = 4; lastKnownFileType = sourcecode.c.objc; path = IAHomeViewController.m; sourceTree = "<group>"; };
		C7A1E2221BA9201E007EC152 /* IAHelpViewController.h */ = {isa = PBXFileReference; fileEncoding = 4; lastKnownFileType = sourcecode.c.h; path = IAHelpViewController.h; sourceTree = "<group>"; };
		C7A1E2231BA9201E007EC152 /* IAHelpViewController.m */ = {isa = PBXFileReference; fileEncoding = 4; lastKnownFileType = sourcecode.c.objc; path = IAHelpViewController.m; sourceTree = "<group>"; };
		C7A1E2271BA9206C007EC152 /* IAHelpStoryboard.storyboard */ = {isa = PBXFileReference; fileEncoding = 4; lastKnownFileType = file.storyboard; path = IAHelpStoryboard.storyboard; sourceTree = "<group>"; };
		C7A1E22A1BA94308007EC152 /* IATownStoryboard.storyboard */ = {isa = PBXFileReference; fileEncoding = 4; lastKnownFileType = file.storyboard; path = IATownStoryboard.storyboard; sourceTree = "<group>"; };
		C7A1E22C1BA943C9007EC152 /* IATownViewController.h */ = {isa = PBXFileReference; fileEncoding = 4; lastKnownFileType = sourcecode.c.h; path = IATownViewController.h; sourceTree = "<group>"; };
		C7A1E22D1BA943C9007EC152 /* IATownViewController.m */ = {isa = PBXFileReference; fileEncoding = 4; lastKnownFileType = sourcecode.c.objc; path = IATownViewController.m; sourceTree = "<group>"; };
		C7A1E2311BA94C4D007EC152 /* IAtopView.xib */ = {isa = PBXFileReference; fileEncoding = 4; lastKnownFileType = file.xib; path = IAtopView.xib; sourceTree = "<group>"; };
		C7A1E2361BA94DF8007EC152 /* IAbottomView.xib */ = {isa = PBXFileReference; fileEncoding = 4; lastKnownFileType = file.xib; path = IAbottomView.xib; sourceTree = "<group>"; };
		C7A1E23E1BA95099007EC152 /* IAtopView.h */ = {isa = PBXFileReference; fileEncoding = 4; lastKnownFileType = sourcecode.c.h; path = IAtopView.h; sourceTree = "<group>"; };
		C7A1E23F1BA95099007EC152 /* IAtopView.m */ = {isa = PBXFileReference; fileEncoding = 4; lastKnownFileType = sourcecode.c.objc; path = IAtopView.m; sourceTree = "<group>"; };
		C7A1E2411BA950AB007EC152 /* IAbottomView.h */ = {isa = PBXFileReference; fileEncoding = 4; lastKnownFileType = sourcecode.c.h; path = IAbottomView.h; sourceTree = "<group>"; };
		C7A1E2421BA950AB007EC152 /* IAbottomView.m */ = {isa = PBXFileReference; fileEncoding = 4; lastKnownFileType = sourcecode.c.objc; path = IAbottomView.m; sourceTree = "<group>"; };
		C7A1E2451BA95B13007EC152 /* UIView+Extension.h */ = {isa = PBXFileReference; fileEncoding = 4; lastKnownFileType = sourcecode.c.h; path = "UIView+Extension.h"; sourceTree = "<group>"; };
		C7A1E2461BA95B13007EC152 /* UIView+Extension.m */ = {isa = PBXFileReference; fileEncoding = 4; lastKnownFileType = sourcecode.c.objc; path = "UIView+Extension.m"; sourceTree = "<group>"; };
/* End PBXFileReference section */

/* Begin PBXFrameworksBuildPhase section */
		C7A1E1EA1BA910AE007EC152 /* Frameworks */ = {
			isa = PBXFrameworksBuildPhase;
			buildActionMask = 2147483647;
			files = (
			);
			runOnlyForDeploymentPostprocessing = 0;
		};
		C7A1E2061BA910AE007EC152 /* Frameworks */ = {
			isa = PBXFrameworksBuildPhase;
			buildActionMask = 2147483647;
			files = (
			);
			runOnlyForDeploymentPostprocessing = 0;
		};
/* End PBXFrameworksBuildPhase section */

/* Begin PBXGroup section */
		C7A1E1E41BA910AE007EC152 = {
			isa = PBXGroup;
			children = (
				C7A1E1EF1BA910AE007EC152 /* InterdimensionalAdventure */,
				C7A1E20C1BA910AE007EC152 /* InterdimensionalAdventureTests */,
				C7A1E1EE1BA910AE007EC152 /* Products */,
			);
			sourceTree = "<group>";
		};
		C7A1E1EE1BA910AE007EC152 /* Products */ = {
			isa = PBXGroup;
			children = (
				C7A1E1ED1BA910AE007EC152 /* InterdimensionalAdventure.app */,
				C7A1E2091BA910AE007EC152 /* InterdimensionalAdventureTests.xctest */,
			);
			name = Products;
			sourceTree = "<group>";
		};
		C7A1E1EF1BA910AE007EC152 /* InterdimensionalAdventure */ = {
			isa = PBXGroup;
			children = (
				C7A1E21C1BA91437007EC152 /* Controllers */,
				C7A1E21B1BA913DC007EC152 /* other */,
				C7A1E21A1BA913D5007EC152 /* view */,
				C7A1E2191BA913CC007EC152 /* model */,
				C7A1E1FD1BA910AE007EC152 /* Main.storyboard */,
				C7A1E2001BA910AE007EC152 /* Images.xcassets */,
				C7A1E2021BA910AE007EC152 /* LaunchScreen.xib */,
				C7A1E1F71BA910AE007EC152 /* InterdimensionalAdventure.xcdatamodeld */,
				C7A1E1F01BA910AE007EC152 /* Supporting Files */,
			);
			path = InterdimensionalAdventure;
			sourceTree = "<group>";
		};
		C7A1E1F01BA910AE007EC152 /* Supporting Files */ = {
			isa = PBXGroup;
			children = (
				C7A1E1F11BA910AE007EC152 /* Info.plist */,
				C7A1E1F21BA910AE007EC152 /* main.m */,
			);
			name = "Supporting Files";
			sourceTree = "<group>";
		};
		C7A1E20C1BA910AE007EC152 /* InterdimensionalAdventureTests */ = {
			isa = PBXGroup;
			children = (
				C7A1E20F1BA910AE007EC152 /* InterdimensionalAdventureTests.m */,
				C7A1E20D1BA910AE007EC152 /* Supporting Files */,
			);
			path = InterdimensionalAdventureTests;
			sourceTree = "<group>";
		};
		C7A1E20D1BA910AE007EC152 /* Supporting Files */ = {
			isa = PBXGroup;
			children = (
				C7A1E20E1BA910AE007EC152 /* Info.plist */,
			);
			name = "Supporting Files";
			sourceTree = "<group>";
		};
		C7A1E2191BA913CC007EC152 /* model */ = {
			isa = PBXGroup;
			children = (
			);
			name = model;
			sourceTree = "<group>";
		};
		C7A1E21A1BA913D5007EC152 /* view */ = {
			isa = PBXGroup;
			children = (
				C7A1E2301BA94A85007EC152 /* bottomview */,
				C7A1E22F1BA94A7B007EC152 /* topview */,
			);
			name = view;
			sourceTree = "<group>";
		};
		C7A1E21B1BA913DC007EC152 /* other */ = {
			isa = PBXGroup;
			children = (
				C7A1E2441BA95AF8007EC152 /* 工具类 */,
				C7A1E1F41BA910AE007EC152 /* AppDelegate.h */,
				C7A1E1F51BA910AE007EC152 /* AppDelegate.m */,
			);
			name = other;
			sourceTree = "<group>";
		};
		C7A1E21C1BA91437007EC152 /* Controllers */ = {
			isa = PBXGroup;
			children = (
				C7A1E2291BA942C7007EC152 /* 城镇界面 */,
				C7A1E2211BA91FE3007EC152 /* 新手教学 */,
				C7A1E2201BA91FD6007EC152 /* 开始界面 */,
			);
			name = Controllers;
			sourceTree = "<group>";
		};
		C7A1E2201BA91FD6007EC152 /* 开始界面 */ = {
			isa = PBXGroup;
			children = (
				C7A1E21D1BA91E3E007EC152 /* IAHomeViewController.h */,
				C7A1E21E1BA91E3E007EC152 /* IAHomeViewController.m */,
			);
			name = "开始界面";
			sourceTree = "<group>";
		};
		C7A1E2211BA91FE3007EC152 /* 新手教学 */ = {
			isa = PBXGroup;
			children = (
				C7A1E2221BA9201E007EC152 /* IAHelpViewController.h */,
				C7A1E2231BA9201E007EC152 /* IAHelpViewController.m */,
				C7A1E2271BA9206C007EC152 /* IAHelpStoryboard.storyboard */,
			);
			name = "新手教学";
			sourceTree = "<group>";
		};
		C7A1E2291BA942C7007EC152 /* 城镇界面 */ = {
			isa = PBXGroup;
			children = (
				C7A1E22A1BA94308007EC152 /* IATownStoryboard.storyboard */,
				C7A1E22C1BA943C9007EC152 /* IATownViewController.h */,
				C7A1E22D1BA943C9007EC152 /* IATownViewController.m */,
			);
			name = "城镇界面";
			sourceTree = "<group>";
		};
		C7A1E22F1BA94A7B007EC152 /* topview */ = {
			isa = PBXGroup;
			children = (
				C7A1E2311BA94C4D007EC152 /* IAtopView.xib */,
				C7A1E23E1BA95099007EC152 /* IAtopView.h */,
				C7A1E23F1BA95099007EC152 /* IAtopView.m */,
			);
			name = topview;
			sourceTree = "<group>";
		};
		C7A1E2301BA94A85007EC152 /* bottomview */ = {
			isa = PBXGroup;
			children = (
				C7A1E2361BA94DF8007EC152 /* IAbottomView.xib */,
				C7A1E2411BA950AB007EC152 /* IAbottomView.h */,
				C7A1E2421BA950AB007EC152 /* IAbottomView.m */,
			);
			name = bottomview;
			sourceTree = "<group>";
		};
		C7A1E2441BA95AF8007EC152 /* 工具类 */ = {
			isa = PBXGroup;
			children = (
				C7A1E2451BA95B13007EC152 /* UIView+Extension.h */,
				C7A1E2461BA95B13007EC152 /* UIView+Extension.m */,
			);
			name = "工具类";
			sourceTree = "<group>";
		};
/* End PBXGroup section */

/* Begin PBXNativeTarget section */
		C7A1E1EC1BA910AE007EC152 /* InterdimensionalAdventure */ = {
			isa = PBXNativeTarget;
			buildConfigurationList = C7A1E2131BA910AE007EC152 /* Build configuration list for PBXNativeTarget "InterdimensionalAdventure" */;
			buildPhases = (
				C7A1E1E91BA910AE007EC152 /* Sources */,
				C7A1E1EA1BA910AE007EC152 /* Frameworks */,
				C7A1E1EB1BA910AE007EC152 /* Resources */,
			);
			buildRules = (
			);
			dependencies = (
			);
			name = InterdimensionalAdventure;
			productName = InterdimensionalAdventure;
			productReference = C7A1E1ED1BA910AE007EC152 /* InterdimensionalAdventure.app */;
			productType = "com.apple.product-type.application";
		};
		C7A1E2081BA910AE007EC152 /* InterdimensionalAdventureTests */ = {
			isa = PBXNativeTarget;
			buildConfigurationList = C7A1E2161BA910AE007EC152 /* Build configuration list for PBXNativeTarget "InterdimensionalAdventureTests" */;
			buildPhases = (
				C7A1E2051BA910AE007EC152 /* Sources */,
				C7A1E2061BA910AE007EC152 /* Frameworks */,
				C7A1E2071BA910AE007EC152 /* Resources */,
			);
			buildRules = (
			);
			dependencies = (
				C7A1E20B1BA910AE007EC152 /* PBXTargetDependency */,
			);
			name = InterdimensionalAdventureTests;
			productName = InterdimensionalAdventureTests;
			productReference = C7A1E2091BA910AE007EC152 /* InterdimensionalAdventureTests.xctest */;
			productType = "com.apple.product-type.bundle.unit-test";
		};
/* End PBXNativeTarget section */

/* Begin PBXProject section */
		C7A1E1E51BA910AE007EC152 /* Project object */ = {
			isa = PBXProject;
			attributes = {
				LastUpgradeCheck = 0630;
				ORGANIZATIONNAME = yy;
				TargetAttributes = {
					C7A1E1EC1BA910AE007EC152 = {
						CreatedOnToolsVersion = 6.3.2;
					};
					C7A1E2081BA910AE007EC152 = {
						CreatedOnToolsVersion = 6.3.2;
						TestTargetID = C7A1E1EC1BA910AE007EC152;
					};
				};
			};
			buildConfigurationList = C7A1E1E81BA910AE007EC152 /* Build configuration list for PBXProject "InterdimensionalAdventure" */;
			compatibilityVersion = "Xcode 3.2";
			developmentRegion = English;
			hasScannedForEncodings = 0;
			knownRegions = (
				en,
				Base,
			);
			mainGroup = C7A1E1E41BA910AE007EC152;
			productRefGroup = C7A1E1EE1BA910AE007EC152 /* Products */;
			projectDirPath = "";
			projectRoot = "";
			targets = (
				C7A1E1EC1BA910AE007EC152 /* InterdimensionalAdventure */,
				C7A1E2081BA910AE007EC152 /* InterdimensionalAdventureTests */,
			);
		};
/* End PBXProject section */

/* Begin PBXResourcesBuildPhase section */
		C7A1E1EB1BA910AE007EC152 /* Resources */ = {
			isa = PBXResourcesBuildPhase;
			buildActionMask = 2147483647;
			files = (
				C7A1E1FF1BA910AE007EC152 /* Main.storyboard in Resources */,
				C7A1E2041BA910AE007EC152 /* LaunchScreen.xib in Resources */,
				C7A1E2281BA9206C007EC152 /* IAHelpStoryboard.storyboard in Resources */,
				C7A1E2011BA910AE007EC152 /* Images.xcassets in Resources */,
				C7A1E2321BA94C4D007EC152 /* IAtopView.xib in Resources */,
				C7A1E22B1BA94308007EC152 /* IATownStoryboard.storyboard in Resources */,
				C7A1E2371BA94DF8007EC152 /* IAbottomView.xib in Resources */,
			);
			runOnlyForDeploymentPostprocessing = 0;
		};
		C7A1E2071BA910AE007EC152 /* Resources */ = {
			isa = PBXResourcesBuildPhase;
			buildActionMask = 2147483647;
			files = (
			);
			runOnlyForDeploymentPostprocessing = 0;
		};
/* End PBXResourcesBuildPhase section */

/* Begin PBXSourcesBuildPhase section */
		C7A1E1E91BA910AE007EC152 /* Sources */ = {
			isa = PBXSourcesBuildPhase;
			buildActionMask = 2147483647;
			files = (
				C7A1E2471BA95B13007EC152 /* UIView+Extension.m in Sources */,
				C7A1E1F61BA910AE007EC152 /* AppDelegate.m in Sources */,
				C7A1E1F31BA910AE007EC152 /* main.m in Sources */,
				C7A1E1F91BA910AE007EC152 /* InterdimensionalAdventure.xcdatamodeld in Sources */,
				C7A1E2431BA950AB007EC152 /* IAbottomView.m in Sources */,
				C7A1E2241BA9201E007EC152 /* IAHelpViewController.m in Sources */,
				C7A1E22E1BA943C9007EC152 /* IATownViewController.m in Sources */,
				C7A1E2401BA95099007EC152 /* IAtopView.m in Sources */,
				C7A1E21F1BA91E3E007EC152 /* IAHomeViewController.m in Sources */,
			);
			runOnlyForDeploymentPostprocessing = 0;
		};
		C7A1E2051BA910AE007EC152 /* Sources */ = {
			isa = PBXSourcesBuildPhase;
			buildActionMask = 2147483647;
			files = (
				C7A1E2101BA910AE007EC152 /* InterdimensionalAdventureTests.m in Sources */,
			);
			runOnlyForDeploymentPostprocessing = 0;
		};
/* End PBXSourcesBuildPhase section */

/* Begin PBXTargetDependency section */
		C7A1E20B1BA910AE007EC152 /* PBXTargetDependency */ = {
			isa = PBXTargetDependency;
			target = C7A1E1EC1BA910AE007EC152 /* InterdimensionalAdventure */;
			targetProxy = C7A1E20A1BA910AE007EC152 /* PBXContainerItemProxy */;
		};
/* End PBXTargetDependency section */

/* Begin PBXVariantGroup section */
		C7A1E1FD1BA910AE007EC152 /* Main.storyboard */ = {
			isa = PBXVariantGroup;
			children = (
				C7A1E1FE1BA910AE007EC152 /* Base */,
			);
			name = Main.storyboard;
			sourceTree = "<group>";
		};
		C7A1E2021BA910AE007EC152 /* LaunchScreen.xib */ = {
			isa = PBXVariantGroup;
			children = (
				C7A1E2031BA910AE007EC152 /* Base */,
			);
			name = LaunchScreen.xib;
			sourceTree = "<group>";
		};
/* End PBXVariantGroup section */

/* Begin XCBuildConfiguration section */
		C7A1E2111BA910AE007EC152 /* Debug */ = {
			isa = XCBuildConfiguration;
			buildSettings = {
				ALWAYS_SEARCH_USER_PATHS = NO;
				CLANG_CXX_LANGUAGE_STANDARD = "gnu++0x";
				CLANG_CXX_LIBRARY = "libc++";
				CLANG_ENABLE_MODULES = YES;
				CLANG_ENABLE_OBJC_ARC = YES;
				CLANG_WARN_BOOL_CONVERSION = YES;
				CLANG_WARN_CONSTANT_CONVERSION = YES;
				CLANG_WARN_DIRECT_OBJC_ISA_USAGE = YES_ERROR;
				CLANG_WARN_EMPTY_BODY = YES;
				CLANG_WARN_ENUM_CONVERSION = YES;
				CLANG_WARN_INT_CONVERSION = YES;
				CLANG_WARN_OBJC_ROOT_CLASS = YES_ERROR;
				CLANG_WARN_UNREACHABLE_CODE = YES;
				CLANG_WARN__DUPLICATE_METHOD_MATCH = YES;
				"CODE_SIGN_IDENTITY[sdk=iphoneos*]" = "iPhone Developer";
				COPY_PHASE_STRIP = NO;
				DEBUG_INFORMATION_FORMAT = "dwarf-with-dsym";
				ENABLE_STRICT_OBJC_MSGSEND = YES;
				GCC_C_LANGUAGE_STANDARD = gnu99;
				GCC_DYNAMIC_NO_PIC = NO;
				GCC_NO_COMMON_BLOCKS = YES;
				GCC_OPTIMIZATION_LEVEL = 0;
				GCC_PREPROCESSOR_DEFINITIONS = (
					"DEBUG=1",
					"$(inherited)",
				);
				GCC_SYMBOLS_PRIVATE_EXTERN = NO;
				GCC_WARN_64_TO_32_BIT_CONVERSION = YES;
				GCC_WARN_ABOUT_RETURN_TYPE = YES_ERROR;
				GCC_WARN_UNDECLARED_SELECTOR = YES;
				GCC_WARN_UNINITIALIZED_AUTOS = YES_AGGRESSIVE;
				GCC_WARN_UNUSED_FUNCTION = YES;
				GCC_WARN_UNUSED_VARIABLE = YES;
				IPHONEOS_DEPLOYMENT_TARGET = 8.3;
				MTL_ENABLE_DEBUG_INFO = YES;
				ONLY_ACTIVE_ARCH = YES;
				SDKROOT = iphoneos;
				TARGETED_DEVICE_FAMILY = "1,2";
			};
			name = Debug;
		};
		C7A1E2121BA910AE007EC152 /* Release */ = {
			isa = XCBuildConfiguration;
			buildSettings = {
				ALWAYS_SEARCH_USER_PATHS = NO;
				CLANG_CXX_LANGUAGE_STANDARD = "gnu++0x";
				CLANG_CXX_LIBRARY = "libc++";
				CLANG_ENABLE_MODULES = YES;
				CLANG_ENABLE_OBJC_ARC = YES;
				CLANG_WARN_BOOL_CONVERSION = YES;
				CLANG_WARN_CONSTANT_CONVERSION = YES;
				CLANG_WARN_DIRECT_OBJC_ISA_USAGE = YES_ERROR;
				CLANG_WARN_EMPTY_BODY = YES;
				CLANG_WARN_ENUM_CONVERSION = YES;
				CLANG_WARN_INT_CONVERSION = YES;
				CLANG_WARN_OBJC_ROOT_CLASS = YES_ERROR;
				CLANG_WARN_UNREACHABLE_CODE = YES;
				CLANG_WARN__DUPLICATE_METHOD_MATCH = YES;
				"CODE_SIGN_IDENTITY[sdk=iphoneos*]" = "iPhone Developer";
				COPY_PHASE_STRIP = NO;
				DEBUG_INFORMATION_FORMAT = "dwarf-with-dsym";
				ENABLE_NS_ASSERTIONS = NO;
				ENABLE_STRICT_OBJC_MSGSEND = YES;
				GCC_C_LANGUAGE_STANDARD = gnu99;
				GCC_NO_COMMON_BLOCKS = YES;
				GCC_WARN_64_TO_32_BIT_CONVERSION = YES;
				GCC_WARN_ABOUT_RETURN_TYPE = YES_ERROR;
				GCC_WARN_UNDECLARED_SELECTOR = YES;
				GCC_WARN_UNINITIALIZED_AUTOS = YES_AGGRESSIVE;
				GCC_WARN_UNUSED_FUNCTION = YES;
				GCC_WARN_UNUSED_VARIABLE = YES;
				IPHONEOS_DEPLOYMENT_TARGET = 8.3;
				MTL_ENABLE_DEBUG_INFO = NO;
				SDKROOT = iphoneos;
				TARGETED_DEVICE_FAMILY = "1,2";
				VALIDATE_PRODUCT = YES;
			};
			name = Release;
		};
		C7A1E2141BA910AE007EC152 /* Debug */ = {
			isa = XCBuildConfiguration;
			buildSettings = {
				ASSETCATALOG_COMPILER_APPICON_NAME = AppIcon;
				INFOPLIST_FILE = InterdimensionalAdventure/Info.plist;
				LD_RUNPATH_SEARCH_PATHS = "$(inherited) @executable_path/Frameworks";
				PRODUCT_NAME = "$(TARGET_NAME)";
			};
			name = Debug;
		};
		C7A1E2151BA910AE007EC152 /* Release */ = {
			isa = XCBuildConfiguration;
			buildSettings = {
				ASSETCATALOG_COMPILER_APPICON_NAME = AppIcon;
				INFOPLIST_FILE = InterdimensionalAdventure/Info.plist;
				LD_RUNPATH_SEARCH_PATHS = "$(inherited) @executable_path/Frameworks";
				PRODUCT_NAME = "$(TARGET_NAME)";
			};
			name = Release;
		};
		C7A1E2171BA910AE007EC152 /* Debug */ = {
			isa = XCBuildConfiguration;
			buildSettings = {
				BUNDLE_LOADER = "$(TEST_HOST)";
				FRAMEWORK_SEARCH_PATHS = (
					"$(SDKROOT)/Developer/Library/Frameworks",
					"$(inherited)",
				);
				GCC_PREPROCESSOR_DEFINITIONS = (
					"DEBUG=1",
					"$(inherited)",
				);
				INFOPLIST_FILE = InterdimensionalAdventureTests/Info.plist;
				LD_RUNPATH_SEARCH_PATHS = "$(inherited) @executable_path/Frameworks @loader_path/Frameworks";
				PRODUCT_NAME = "$(TARGET_NAME)";
				TEST_HOST = "$(BUILT_PRODUCTS_DIR)/InterdimensionalAdventure.app/InterdimensionalAdventure";
			};
			name = Debug;
		};
		C7A1E2181BA910AE007EC152 /* Release */ = {
			isa = XCBuildConfiguration;
			buildSettings = {
				BUNDLE_LOADER = "$(TEST_HOST)";
				FRAMEWORK_SEARCH_PATHS = (
					"$(SDKROOT)/Developer/Library/Frameworks",
					"$(inherited)",
				);
				INFOPLIST_FILE = InterdimensionalAdventureTests/Info.plist;
				LD_RUNPATH_SEARCH_PATHS = "$(inherited) @executable_path/Frameworks @loader_path/Frameworks";
				PRODUCT_NAME = "$(TARGET_NAME)";
				TEST_HOST = "$(BUILT_PRODUCTS_DIR)/InterdimensionalAdventure.app/InterdimensionalAdventure";
			};
			name = Release;
		};
/* End XCBuildConfiguration section */

/* Begin XCConfigurationList section */
		C7A1E1E81BA910AE007EC152 /* Build configuration list for PBXProject "InterdimensionalAdventure" */ = {
			isa = XCConfigurationList;
			buildConfigurations = (
				C7A1E2111BA910AE007EC152 /* Debug */,
				C7A1E2121BA910AE007EC152 /* Release */,
			);
			defaultConfigurationIsVisible = 0;
			defaultConfigurationName = Release;
		};
		C7A1E2131BA910AE007EC152 /* Build configuration list for PBXNativeTarget "InterdimensionalAdventure" */ = {
			isa = XCConfigurationList;
			buildConfigurations = (
				C7A1E2141BA910AE007EC152 /* Debug */,
				C7A1E2151BA910AE007EC152 /* Release */,
			);
			defaultConfigurationIsVisible = 0;
			defaultConfigurationName = Release;
		};
		C7A1E2161BA910AE007EC152 /* Build configuration list for PBXNativeTarget "InterdimensionalAdventureTests" */ = {
			isa = XCConfigurationList;
			buildConfigurations = (
				C7A1E2171BA910AE007EC152 /* Debug */,
				C7A1E2181BA910AE007EC152 /* Release */,
			);
			defaultConfigurationIsVisible = 0;
			defaultConfigurationName = Release;
		};
/* End XCConfigurationList section */

/* Begin XCVersionGroup section */
		C7A1E1F71BA910AE007EC152 /* InterdimensionalAdventure.xcdatamodeld */ = {
			isa = XCVersionGroup;
			children = (
				C7A1E1F81BA910AE007EC152 /* InterdimensionalAdventure.xcdatamodel */,
			);
			currentVersion = C7A1E1F81BA910AE007EC152 /* InterdimensionalAdventure.xcdatamodel */;
			path = InterdimensionalAdventure.xcdatamodeld;
			sourceTree = "<group>";
			versionGroupType = wrapper.xcdatamodel;
		};
/* End XCVersionGroup section */
	};
	rootObject = C7A1E1E51BA910AE007EC152 /* Project object */;
}
